
Microsoft Visual Studio Solution File, Format Version 12.00
# Visual Studio 15
VisualStudioVersion = 15.0.27004.2006
MinimumVisualStudioVersion = 10.0.40219.1
Project("{9A19103F-16F7-4668-BE54-9A1E7A4F7556}") = "TodoList.Domain", "TodoList.Domain\TodoList.Domain.csproj", "{5FD59F29-DEFC-4172-8345-D460062BAA6D}"
EndProject
Project("{9A19103F-16F7-4668-BE54-9A1E7A4F7556}") = "TodoList.Persistence", "TodoList.Persistence\TodoList.Persistence.csproj", "{EDDD932E-3A2F-4471-9725-319AEF08F9B9}"
EndProject
Project("{9A19103F-16F7-4668-BE54-9A1E7A4F7556}") = "TodoList.ConsoleApp", "TodoList.ConsoleApp\TodoList.ConsoleApp.csproj", "{86D56FDD-A281-4528-A61E-A31918E6FC17}"
EndProject
Global
	GlobalSection(SolutionConfigurationPlatforms) = preSolution
		Debug|Any CPU = Debug|Any CPU
		Release|Any CPU = Release|Any CPU
	EndGlobalSection
	GlobalSection(ProjectConfigurationPlatforms) = postSolution
		{5FD59F29-DEFC-4172-8345-D460062BAA6D}.Debug|Any CPU.ActiveCfg = Debug|Any CPU
		{5FD59F29-DEFC-4172-8345-D460062BAA6D}.Debug|Any CPU.Build.0 = Debug|Any CPU
		{5FD59F29-DEFC-4172-8345-D460062BAA6D}.Release|Any CPU.ActiveCfg = Release|Any CPU
		{5FD59F29-DEFC-4172-8345-D460062BAA6D}.Release|Any CPU.Build.0 = Release|Any CPU
		{EDDD932E-3A2F-4471-9725-319AEF08F9B9}.Debug|Any CPU.ActiveCfg = Debug|Any CPU
		{EDDD932E-3A2F-4471-9725-319AEF08F9B9}.Debug|Any CPU.Build.0 = Debug|Any CPU
		{EDDD932E-3A2F-4471-9725-319AEF08F9B9}.Release|Any CPU.ActiveCfg = Release|Any CPU
		{EDDD932E-3A2F-4471-9725-319AEF08F9B9}.Release|Any CPU.Build.0 = Release|Any CPU
		{86D56FDD-A281-4528-A61E-A31918E6FC17}.Debug|Any CPU.ActiveCfg = Debug|Any CPU
		{86D56FDD-A281-4528-A61E-A31918E6FC17}.Debug|Any CPU.Build.0 = Debug|Any CPU
		{86D56FDD-A281-4528-A61E-A31918E6FC17}.Release|Any CPU.ActiveCfg = Release|Any CPU
		{86D56FDD-A281-4528-A61E-A31918E6FC17}.Release|Any CPU.Build.0 = Release|Any CPU
	EndGlobalSection
	GlobalSection(SolutionProperties) = preSolution
		HideSolutionNode = FALSE
	EndGlobalSection
	GlobalSection(ExtensibilityGlobals) = postSolution
		SolutionGuid = {65943770-A596-469F-AE61-5A65F2778194}
	EndGlobalSection
EndGlobal
